
Microsoft Visual Studio Solution File, Format Version 12.00
# Visual Studio 14
VisualStudioVersion = 14.0.23107.0
MinimumVisualStudioVersion = 10.0.40219.1
Project("{FAE04EC0-301F-11D3-BF4B-00C04F79EFBC}") = "Demo", "Demo\Demo.csproj", "{1BC5DF73-BCA8-491A-810B-620C52E6BF55}"
EndProject
Project("{FAE04EC0-301F-11D3-BF4B-00C04F79EFBC}") = "Demo.Tests", "Demo.Tests\Demo.Tests.csproj", "{19331C00-D288-4CDA-9D9B-6A9C499711CA}"
EndProject
Global
	GlobalSection(SolutionConfigurationPlatforms) = preSolution
		Debug|Any CPU = Debug|Any CPU
		Release|Any CPU = Release|Any CPU
	EndGlobalSection
	GlobalSection(ProjectConfigurationPlatforms) = postSolution
		{1BC5DF73-BCA8-491A-810B-620C52E6BF55}.Debug|Any CPU.ActiveCfg = Debug|Any CPU
		{1BC5DF73-BCA8-491A-810B-620C52E6BF55}.Debug|Any CPU.Build.0 = Debug|Any CPU
		{1BC5DF73-BCA8-491A-810B-620C52E6BF55}.Release|Any CPU.ActiveCfg = Release|Any CPU
		{1BC5DF73-BCA8-491A-810B-620C52E6BF55}.Release|Any CPU.Build.0 = Release|Any CPU
		{19331C00-D288-4CDA-9D9B-6A9C499711CA}.Debug|Any CPU.ActiveCfg = Debug|Any CPU
		{19331C00-D288-4CDA-9D9B-6A9C499711CA}.Debug|Any CPU.Build.0 = Debug|Any CPU
		{19331C00-D288-4CDA-9D9B-6A9C499711CA}.Release|Any CPU.ActiveCfg = Release|Any CPU
		{19331C00-D288-4CDA-9D9B-6A9C499711CA}.Release|Any CPU.Build.0 = Release|Any CPU
	EndGlobalSection
	GlobalSection(SolutionProperties) = preSolution
		HideSolutionNode = FALSE
	EndGlobalSection
EndGlobal
